
Microsoft Visual Studio Solution File, Format Version 12.00
# Visual Studio Version 17
VisualStudioVersion = 17.8.34316.72
MinimumVisualStudioVersion = 10.0.40219.1
Project("{9A19103F-16F7-4668-BE54-9A1E7A4F7556}") = "CarRentalManagement.Server", "CarRentalManagement\Server\CarRentalManagement.Server.csproj", "{16BA5244-0BC9-49A9-B801-7211830B2098}"
EndProject
Project("{9A19103F-16F7-4668-BE54-9A1E7A4F7556}") = "CarRentalManagement.Client", "CarRentalManagement\Client\CarRentalManagement.Client.csproj", "{24F20E9A-8B90-43DA-A82F-369DA6F150CF}"
EndProject
Project("{9A19103F-16F7-4668-BE54-9A1E7A4F7556}") = "CarRentalManagement.Shared", "CarRentalManagement\Shared\CarRentalManagement.Shared.csproj", "{953176A9-F9C8-4EBB-B354-3FA1289DCBD0}"
EndProject
Global
	GlobalSection(SolutionConfigurationPlatforms) = preSolution
		Debug|Any CPU = Debug|Any CPU
		Release|Any CPU = Release|Any CPU
	EndGlobalSection
	GlobalSection(ProjectConfigurationPlatforms) = postSolution
		{16BA5244-0BC9-49A9-B801-7211830B2098}.Debug|Any CPU.ActiveCfg = Debug|Any CPU
		{16BA5244-0BC9-49A9-B801-7211830B2098}.Debug|Any CPU.Build.0 = Debug|Any CPU
		{16BA5244-0BC9-49A9-B801-7211830B2098}.Release|Any CPU.ActiveCfg = Release|Any CPU
		{16BA5244-0BC9-49A9-B801-7211830B2098}.Release|Any CPU.Build.0 = Release|Any CPU
		{24F20E9A-8B90-43DA-A82F-369DA6F150CF}.Debug|Any CPU.ActiveCfg = Debug|Any CPU
		{24F20E9A-8B90-43DA-A82F-369DA6F150CF}.Debug|Any CPU.Build.0 = Debug|Any CPU
		{24F20E9A-8B90-43DA-A82F-369DA6F150CF}.Release|Any CPU.ActiveCfg = Release|Any CPU
		{24F20E9A-8B90-43DA-A82F-369DA6F150CF}.Release|Any CPU.Build.0 = Release|Any CPU
		{953176A9-F9C8-4EBB-B354-3FA1289DCBD0}.Debug|Any CPU.ActiveCfg = Debug|Any CPU
		{953176A9-F9C8-4EBB-B354-3FA1289DCBD0}.Debug|Any CPU.Build.0 = Debug|Any CPU
		{953176A9-F9C8-4EBB-B354-3FA1289DCBD0}.Release|Any CPU.ActiveCfg = Release|Any CPU
		{953176A9-F9C8-4EBB-B354-3FA1289DCBD0}.Release|Any CPU.Build.0 = Release|Any CPU
	EndGlobalSection
	GlobalSection(SolutionProperties) = preSolution
		HideSolutionNode = FALSE
	EndGlobalSection
	GlobalSection(ExtensibilityGlobals) = postSolution
		SolutionGuid = {EA9FFFAB-8232-4C92-852F-B4B6F307143F}
	EndGlobalSection
EndGlobal
